
Microsoft Visual Studio Solution File, Format Version 12.00
# Visual Studio 14
VisualStudioVersion = 14.0.25420.1
MinimumVisualStudioVersion = 10.0.40219.1
Project("{8BC9CEB8-8B4A-11D0-8D11-00A0C91BC942}") = "lab6(solve4)", "lab6(solve4)\lab6(solve4).vcxproj", "{516C9295-E3A6-4B44-B7FC-4FCD64A08A2C}"
EndProject
Project("{8BC9CEB8-8B4A-11D0-8D11-00A0C91BC942}") = "Tests", "test\Tests.vcxproj", "{8C96F81A-8E43-456B-A8EF-77BFD7ECB6E4}"
EndProject
Global
	GlobalSection(SolutionConfigurationPlatforms) = preSolution
		Debug|x64 = Debug|x64
		Debug|x86 = Debug|x86
		Release|x64 = Release|x64
		Release|x86 = Release|x86
	EndGlobalSection
	GlobalSection(ProjectConfigurationPlatforms) = postSolution
		{516C9295-E3A6-4B44-B7FC-4FCD64A08A2C}.Debug|x64.ActiveCfg = Debug|x64
		{516C9295-E3A6-4B44-B7FC-4FCD64A08A2C}.Debug|x64.Build.0 = Debug|x64
		{516C9295-E3A6-4B44-B7FC-4FCD64A08A2C}.Debug|x86.ActiveCfg = Debug|Win32
		{516C9295-E3A6-4B44-B7FC-4FCD64A08A2C}.Debug|x86.Build.0 = Debug|Win32
		{516C9295-E3A6-4B44-B7FC-4FCD64A08A2C}.Release|x64.ActiveCfg = Release|x64
		{516C9295-E3A6-4B44-B7FC-4FCD64A08A2C}.Release|x64.Build.0 = Release|x64
		{516C9295-E3A6-4B44-B7FC-4FCD64A08A2C}.Release|x86.ActiveCfg = Release|Win32
		{516C9295-E3A6-4B44-B7FC-4FCD64A08A2C}.Release|x86.Build.0 = Release|Win32
		{8C96F81A-8E43-456B-A8EF-77BFD7ECB6E4}.Debug|x64.ActiveCfg = Debug|x64
		{8C96F81A-8E43-456B-A8EF-77BFD7ECB6E4}.Debug|x64.Build.0 = Debug|x64
		{8C96F81A-8E43-456B-A8EF-77BFD7ECB6E4}.Debug|x86.ActiveCfg = Debug|Win32
		{8C96F81A-8E43-456B-A8EF-77BFD7ECB6E4}.Debug|x86.Build.0 = Debug|Win32
		{8C96F81A-8E43-456B-A8EF-77BFD7ECB6E4}.Release|x64.ActiveCfg = Release|x64
		{8C96F81A-8E43-456B-A8EF-77BFD7ECB6E4}.Release|x64.Build.0 = Release|x64
		{8C96F81A-8E43-456B-A8EF-77BFD7ECB6E4}.Release|x86.ActiveCfg = Release|Win32
		{8C96F81A-8E43-456B-A8EF-77BFD7ECB6E4}.Release|x86.Build.0 = Release|Win32
	EndGlobalSection
	GlobalSection(SolutionProperties) = preSolution
		HideSolutionNode = FALSE
	EndGlobalSection
EndGlobal
